
Microsoft Visual Studio Solution File, Format Version 12.00
# Visual Studio Version 17
VisualStudioVersion = 17.1.32228.430
MinimumVisualStudioVersion = 10.0.40219.1
Project("{FAE04EC0-301F-11D3-BF4B-00C04F79EFBC}") = "StorageGuru", "StorageGuru\StorageGuru.csproj", "{F207875B-9308-4B84-861C-18AEDE338F29}"
EndProject
Project("{FAE04EC0-301F-11D3-BF4B-00C04F79EFBC}") = "ImprovedComponents", "ImprovedComponents\ImprovedComponents.csproj", "{118DC179-2606-49AA-9F0F-4B7DA646D554}"
EndProject
Project("{FAE04EC0-301F-11D3-BF4B-00C04F79EFBC}") = "CheatTools", "CheatTools\CheatTools.csproj", "{C9E326DE-6B1D-4AB6-8034-DC599F3005C2}"
EndProject
Project("{FAE04EC0-301F-11D3-BF4B-00C04F79EFBC}") = "ColonistReports", "ColonistReport\ColonistReports.csproj", "{2EC08DF2-1D53-4EF0-B987-1EC9112CF42E}"
EndProject
Project("{FAE04EC0-301F-11D3-BF4B-00C04F79EFBC}") = "ImprovedManufacturingLimits", "MoreManufacturingLimits\ImprovedManufacturingLimits.csproj", "{4D5E385E-BB80-40C4-BB2B-0647FCAA20AD}"
EndProject
Project("{D954291E-2A0B-460D-934E-DC6B0785DB48}") = "PlanetbaseModUtilities", "PlanetbaseModUtilities\PlanetbaseModUtilities.shproj", "{2A2596F6-59D3-4F92-A33B-6E9BB2372BEE}"
EndProject
Project("{FAE04EC0-301F-11D3-BF4B-00C04F79EFBC}") = "QoLTweaks", "QoLTweaks\QoLTweaks.csproj", "{665BECC1-1EE0-4CC7-892C-3204C1B329FD}"
EndProject
Project("{FAE04EC0-301F-11D3-BF4B-00C04F79EFBC}") = "CameraOverhaul", "CameraOverhaul\CameraOverhaul.csproj", "{26C96371-5788-498B-99EF-2CC556C9A7D9}"
EndProject
Project("{FAE04EC0-301F-11D3-BF4B-00C04F79EFBC}") = "BuildingAlignerRealigned", "BuildingAlignerRealigned\BuildingAlignerRealigned.csproj", "{3A48EF8E-71DE-4241-8AC0-6224880381F6}"
EndProject
Global
	GlobalSection(SharedMSBuildProjectFiles) = preSolution
		PlanetbaseModUtilities\PlanetbaseModUtilities.projitems*{118dc179-2606-49aa-9f0f-4b7da646d554}*SharedItemsImports = 4
		PlanetbaseModUtilities\PlanetbaseModUtilities.projitems*{26c96371-5788-498b-99ef-2cc556c9a7d9}*SharedItemsImports = 4
		PlanetbaseModUtilities\PlanetbaseModUtilities.projitems*{2a2596f6-59d3-4f92-a33b-6e9bb2372bee}*SharedItemsImports = 13
		PlanetbaseModUtilities\PlanetbaseModUtilities.projitems*{3a48ef8e-71de-4241-8ac0-6224880381f6}*SharedItemsImports = 4
		PlanetbaseModUtilities\PlanetbaseModUtilities.projitems*{4d5e385e-bb80-40c4-bb2b-0647fcaa20ad}*SharedItemsImports = 4
		PlanetbaseModUtilities\PlanetbaseModUtilities.projitems*{665becc1-1ee0-4cc7-892c-3204c1b329fd}*SharedItemsImports = 4
		PlanetbaseModUtilities\PlanetbaseModUtilities.projitems*{c9e326de-6b1d-4ab6-8034-dc599f3005c2}*SharedItemsImports = 4
		PlanetbaseModUtilities\PlanetbaseModUtilities.projitems*{f207875b-9308-4b84-861c-18aede338f29}*SharedItemsImports = 4
	EndGlobalSection
	GlobalSection(SolutionConfigurationPlatforms) = preSolution
		Debug|Any CPU = Debug|Any CPU
		Release|Any CPU = Release|Any CPU
	EndGlobalSection
	GlobalSection(ProjectConfigurationPlatforms) = postSolution
		{F207875B-9308-4B84-861C-18AEDE338F29}.Debug|Any CPU.ActiveCfg = Debug|Any CPU
		{F207875B-9308-4B84-861C-18AEDE338F29}.Release|Any CPU.ActiveCfg = Release|Any CPU
		{118DC179-2606-49AA-9F0F-4B7DA646D554}.Debug|Any CPU.ActiveCfg = Debug|Any CPU
		{118DC179-2606-49AA-9F0F-4B7DA646D554}.Release|Any CPU.ActiveCfg = Release|Any CPU
		{C9E326DE-6B1D-4AB6-8034-DC599F3005C2}.Debug|Any CPU.ActiveCfg = Debug|Any CPU
		{C9E326DE-6B1D-4AB6-8034-DC599F3005C2}.Release|Any CPU.ActiveCfg = Release|Any CPU
		{2EC08DF2-1D53-4EF0-B987-1EC9112CF42E}.Debug|Any CPU.ActiveCfg = Debug|Any CPU
		{2EC08DF2-1D53-4EF0-B987-1EC9112CF42E}.Debug|Any CPU.Build.0 = Debug|Any CPU
		{2EC08DF2-1D53-4EF0-B987-1EC9112CF42E}.Release|Any CPU.ActiveCfg = Release|Any CPU
		{2EC08DF2-1D53-4EF0-B987-1EC9112CF42E}.Release|Any CPU.Build.0 = Release|Any CPU
		{4D5E385E-BB80-40C4-BB2B-0647FCAA20AD}.Debug|Any CPU.ActiveCfg = Debug|Any CPU
		{4D5E385E-BB80-40C4-BB2B-0647FCAA20AD}.Release|Any CPU.ActiveCfg = Release|Any CPU
		{665BECC1-1EE0-4CC7-892C-3204C1B329FD}.Debug|Any CPU.ActiveCfg = Debug|Any CPU
		{665BECC1-1EE0-4CC7-892C-3204C1B329FD}.Release|Any CPU.ActiveCfg = Release|Any CPU
		{26C96371-5788-498B-99EF-2CC556C9A7D9}.Debug|Any CPU.ActiveCfg = Debug|Any CPU
		{26C96371-5788-498B-99EF-2CC556C9A7D9}.Release|Any CPU.ActiveCfg = Release|Any CPU
		{3A48EF8E-71DE-4241-8AC0-6224880381F6}.Debug|Any CPU.ActiveCfg = Debug|Any CPU
		{3A48EF8E-71DE-4241-8AC0-6224880381F6}.Debug|Any CPU.Build.0 = Debug|Any CPU
		{3A48EF8E-71DE-4241-8AC0-6224880381F6}.Release|Any CPU.ActiveCfg = Release|Any CPU
		{3A48EF8E-71DE-4241-8AC0-6224880381F6}.Release|Any CPU.Build.0 = Release|Any CPU
	EndGlobalSection
	GlobalSection(SolutionProperties) = preSolution
		HideSolutionNode = FALSE
	EndGlobalSection
	GlobalSection(ExtensibilityGlobals) = postSolution
		SolutionGuid = {948ED42E-2F8C-418E-9002-0B67ED758A4B}
	EndGlobalSection
EndGlobal
